<?xml version="1.0" encoding="utf-8"?>
<Project ToolsVersion="4.0" xmlns="http://schemas.microsoft.com/developer/msbuild/2003">
  <ItemGroup>
    <Filter Include="Source Files">
      <UniqueIdentifier>{4FC737F1-C7A5-4376-A066-2A32D752A2FF}</UniqueIdentifier>
      <Extensions>cpp;c;cc;cxx;def;odl;idl;hpj;bat;asm;asmx</Extensions>
    </Filter>
    <Filter Include="Header Files">
      <UniqueIdentifier>{93995380-89BD-4b04-88EB-625FBE52EBFB}</UniqueIdentifier>
      <Extensions>h;hh;hpp;hxx;hm;inl;inc;xsd</Extensions>
    </Filter>
    <Filter Include="Resource Files">
      <UniqueIdentifier>{67DA6AB6-F800-4c08-8B7A-83BB121AAD01}</UniqueIdentifier>
      <Extensions>rc;ico;cur;bmp;dlg;rc2;rct;bin;rgs;gif;jpg;jpeg;jpe;resx;tiff;tif;png;wav;mfcribbon-ms</Extensions>
    </Filter>
    <Filter Include="Header Files\interfaces">
      <UniqueIdentifier>{7777b117-8d5a-4f78-ab2c-008f56e845e2}</UniqueIdentifier>
    </Filter>
    <Filter Include="Header Files\entity">
      <UniqueIdentifier>{5031357e-c32c-4cdf-bb7b-56e62398e472}</UniqueIdentifier>
    </Filter>
    <Filter Include="Header Files\netvar">
      <UniqueIdentifier>{6bb69394-3e6a-4872-9e24-f6be590af7e2}</UniqueIdentifier>
    </Filter>
    <Filter Include="Source Files\netvar">
      <UniqueIdentifier>{f891e483-82b3-4762-b27a-e6ddd3e73ad8}</UniqueIdentifier>
    </Filter>
    <Filter Include="Header Files\hacks">
      <UniqueIdentifier>{e6c1a5d4-8841-40bb-b553-a3423c446f9a}</UniqueIdentifier>
    </Filter>
    <Filter Include="Source Files\hacks">
      <UniqueIdentifier>{6ceeddd3-67a6-4c3d-ae38-6f7dd4b42341}</UniqueIdentifier>
    </Filter>
    <Filter Include="Header Files\math">
      <UniqueIdentifier>{a2774e36-20b4-4af6-bacb-cb5ac2346e41}</UniqueIdentifier>
    </Filter>
    <Filter Include="Source Files\math">
      <UniqueIdentifier>{3f2a2677-e056-4225-a490-3eabad71052e}</UniqueIdentifier>
    </Filter>
    <Filter Include="Header Files\draw">
      <UniqueIdentifier>{fb52404c-f79d-4952-9895-da0504452722}</UniqueIdentifier>
    </Filter>
    <Filter Include="Source Files\draw">
      <UniqueIdentifier>{418ffa14-a7ea-4687-9a9c-41b2b7eecdde}</UniqueIdentifier>
    </Filter>
    <Filter Include="Source Files\hooks">
      <UniqueIdentifier>{0ea4859b-26ba-4e9e-84e1-7b0e4bec970a}</UniqueIdentifier>
    </Filter>
    <Filter Include="Header Files\menu">
      <UniqueIdentifier>{899bf65d-0b7d-459f-8263-2c39b11eeb2e}</UniqueIdentifier>
    </Filter>
    <Filter Include="Source Files\menu">
      <UniqueIdentifier>{c33a7b71-f775-45f9-8866-1b030ea2cc8c}</UniqueIdentifier>
    </Filter>
  </ItemGroup>
  <ItemGroup>
    <ClInclude Include="instance.hpp">
      <Filter>Header Files</Filter>
    </ClInclude>
    <ClInclude Include="window_includes.hpp">
      <Filter>Header Files</Filter>
    </ClInclude>
    <ClInclude Include="color.hpp">
      <Filter>Header Files</Filter>
    </ClInclude>
    <ClInclude Include="utilities.hpp">
      <Filter>Header Files</Filter>
    </ClInclude>
    <ClInclude Include="i_engine.hpp">
      <Filter>Header Files\interfaces</Filter>
    </ClInclude>
    <ClInclude Include="i_client.hpp">
      <Filter>Header Files\interfaces</Filter>
    </ClInclude>
    <ClInclude Include="entity.hpp">
      <Filter>Header Files\entity</Filter>
    </ClInclude>
    <ClInclude Include="netvar_manager.hpp">
      <Filter>Header Files\netvar</Filter>
    </ClInclude>
    <ClInclude Include="visuals.hpp">
      <Filter>Header Files\hacks</Filter>
    </ClInclude>
    <ClInclude Include="vector.hpp">
      <Filter>Header Files\math</Filter>
    </ClInclude>
    <ClInclude Include="math.hpp">
      <Filter>Header Files\math</Filter>
    </ClInclude>
    <ClInclude Include="drawings.hpp">
      <Filter>Header Files\draw</Filter>
    </ClInclude>
    <ClInclude Include="i_surface.hpp">
      <Filter>Header Files\interfaces</Filter>
    </ClInclude>
    <ClInclude Include="i_entitylist.hpp">
      <Filter>Header Files\interfaces</Filter>
    </ClInclude>
    <ClInclude Include="hooks.hpp">
      <Filter>Header Files</Filter>
    </ClInclude>
    <ClInclude Include="i_panel.hpp">
      <Filter>Header Files\interfaces</Filter>
    </ClInclude>
    <ClInclude Include="i_debugoverlay.hpp">
      <Filter>Header Files\interfaces</Filter>
    </ClInclude>
    <ClInclude Include="user_cmd.hpp">
      <Filter>Header Files</Filter>
    </ClInclude>
    <ClInclude Include="misc.hpp">
      <Filter>Header Files\hacks</Filter>
    </ClInclude>
    <ClInclude Include="hack.hpp">
      <Filter>Header Files\hacks</Filter>
    </ClInclude>
    <ClInclude Include="globals.hpp">
      <Filter>Header Files</Filter>
    </ClInclude>
    <ClInclude Include="i_clientmode.hpp">
      <Filter>Header Files\interfaces</Filter>
    </ClInclude>
    <ClInclude Include="i_globals.hpp">
      <Filter>Header Files\interfaces</Filter>
    </ClInclude>
    <ClInclude Include="menu.hpp">
      <Filter>Header Files\menu</Filter>
    </ClInclude>
  </ItemGroup>
  <ItemGroup>
    <ClCompile Include="instance.cpp">
      <Filter>Source Files</Filter>
    </ClCompile>
    <ClCompile Include="utilities.cpp">
      <Filter>Source Files</Filter>
    </ClCompile>
    <ClCompile Include="main.cpp">
      <Filter>Source Files</Filter>
    </ClCompile>
    <ClCompile Include="netvar_manager.cpp">
      <Filter>Source Files\netvar</Filter>
    </ClCompile>
    <ClCompile Include="visuals.cpp">
      <Filter>Source Files\hacks</Filter>
    </ClCompile>
    <ClCompile Include="math.cpp">
      <Filter>Source Files\math</Filter>
    </ClCompile>
    <ClCompile Include="drawing.cpp">
      <Filter>Source Files\draw</Filter>
    </ClCompile>
    <ClCompile Include="hooks.cpp">
      <Filter>Source Files\hooks</Filter>
    </ClCompile>
    <ClCompile Include="painttraverse.cpp">
      <Filter>Source Files\hooks</Filter>
    </ClCompile>
    <ClCompile Include="misc.cpp">
      <Filter>Source Files\hacks</Filter>
    </ClCompile>
    <ClCompile Include="hack.cpp">
      <Filter>Source Files\hacks</Filter>
    </ClCompile>
    <ClCompile Include="createmove.cpp">
      <Filter>Source Files\hooks</Filter>
    </ClCompile>
    <ClCompile Include="globals.cpp">
      <Filter>Source Files</Filter>
    </ClCompile>
    <ClCompile Include="menu.cpp">
      <Filter>Source Files\menu</Filter>
    </ClCompile>
  </ItemGroup>
</Project>